<?xml version="1.0" encoding="utf-8"?>
<Project ToolsVersion="4.0" xmlns="http://schemas.microsoft.com/developer/msbuild/2003">
  <ItemGroup>
    <Filter Include="Source Files">
      <UniqueIdentifier>{4FC737F1-C7A5-4376-A066-2A32D752A2FF}</UniqueIdentifier>
      <Extensions>cpp;c;cc;cxx;c++;cppm;ixx;def;odl;idl;hpj;bat;asm;asmx</Extensions>
    </Filter>
    <Filter Include="Header Files">
      <UniqueIdentifier>{93995380-89BD-4b04-88EB-625FBE52EBFB}</UniqueIdentifier>
      <Extensions>h;hh;hpp;hxx;h++;hm;inl;inc;ipp;xsd</Extensions>
    </Filter>
    <Filter Include="Resource Files">
      <UniqueIdentifier>{67DA6AB6-F800-4c08-8B7A-83BB121AAD01}</UniqueIdentifier>
      <Extensions>rc;ico;cur;bmp;dlg;rc2;rct;bin;rgs;gif;jpg;jpeg;jpe;resx;tiff;tif;png;wav;mfcribbon-ms</Extensions>
    </Filter>
  </ItemGroup>
  <ItemGroup>
    <ClInclude Include="src\Toad\Hooks\hook.h">
      <Filter>Header Files</Filter>
    </ClInclude>
    <ClInclude Include="src\Toad\Hooks\wglswapbuffers.h">
      <Filter>Header Files</Filter>
    </ClInclude>
    <ClInclude Include="src\Toad\Hooks\ws2_32.h">
      <Filter>Header Files</Filter>
    </ClInclude>
    <ClInclude Include="src\Toad\Logger\logger.h">
      <Filter>Header Files</Filter>
    </ClInclude>
    <ClInclude Include="src\Toad\MC\active_render_info.h">
      <Filter>Header Files</Filter>
    </ClInclude>
    <ClInclude Include="src\Toad\MC\entity.h">
      <Filter>Header Files</Filter>
    </ClInclude>
    <ClInclude Include="src\Toad\MC\mcutils.h">
      <Filter>Header Files</Filter>
    </ClInclude>
    <ClInclude Include="src\Toad\MC\mappings.h">
      <Filter>Header Files</Filter>
    </ClInclude>
    <ClInclude Include="src\Toad\MC\minecraft.h">
      <Filter>Header Files</Filter>
    </ClInclude>
    <ClInclude Include="src\Toad\Modules\clicker\clicker_base.h">
      <Filter>Header Files</Filter>
    </ClInclude>
    <ClInclude Include="src\Toad\Modules\clicker\left_autoclicker.h">
      <Filter>Header Files</Filter>
    </ClInclude>
    <ClInclude Include="src\Toad\Modules\clicker\rand_types.h">
      <Filter>Header Files</Filter>
    </ClInclude>
    <ClInclude Include="src\Toad\Modules\clicker\right_autoclicker.h">
      <Filter>Header Files</Filter>
    </ClInclude>
    <ClInclude Include="src\Toad\Modules\visuals\block_esp.h">
      <Filter>Header Files</Filter>
    </ClInclude>
    <ClInclude Include="src\Toad\Modules\visuals\draw_helpers.h">
      <Filter>Header Files</Filter>
    </ClInclude>
    <ClInclude Include="src\Toad\Modules\visuals\esp.h">
      <Filter>Header Files</Filter>
    </ClInclude>
    <ClInclude Include="src\Toad\Modules\visuals\of_screen_arrows.h">
      <Filter>Header Files</Filter>
    </ClInclude>
    <ClInclude Include="src\Toad\Modules\aimassist.h">
      <Filter>Header Files</Filter>
    </ClInclude>
    <ClInclude Include="src\Toad\Modules\autopot.h">
      <Filter>Header Files</Filter>
    </ClInclude>
    <ClInclude Include="src\Toad\Modules\blink.h">
      <Filter>Header Files</Filter>
    </ClInclude>
    <ClInclude Include="src\Toad\Modules\bridge_assist.h">
      <Filter>Header Files</Filter>
    </ClInclude>
    <ClInclude Include="src\Toad\Modules\internal_ui.h">
      <Filter>Header Files</Filter>
    </ClInclude>
    <ClInclude Include="src\Toad\Modules\no_click_delay.h">
      <Filter>Header Files</Filter>
    </ClInclude>
    <ClInclude Include="src\Toad\Modules\reach.h">
      <Filter>Header Files</Filter>
    </ClInclude>
    <ClInclude Include="src\Toad\Modules\vars_updater.h">
      <Filter>Header Files</Filter>
    </ClInclude>
    <ClInclude Include="src\Toad\Modules\velocity.h">
      <Filter>Header Files</Filter>
    </ClInclude>
    <ClInclude Include="src\Toad\helpers.h">
      <Filter>Header Files</Filter>
    </ClInclude>
    <ClInclude Include="src\Toad\math.h">
      <Filter>Header Files</Filter>
    </ClInclude>
    <ClInclude Include="src\Toad\module.h">
      <Filter>Header Files</Filter>
    </ClInclude>
    <ClInclude Include="src\Toad\singleton.h">
      <Filter>Header Files</Filter>
    </ClInclude>
    <ClInclude Include="src\Toad\timer.h">
      <Filter>Header Files</Filter>
    </ClInclude>
    <ClInclude Include="src\Toad\Toad.h">
      <Filter>Header Files</Filter>
    </ClInclude>
    <ClInclude Include="src\Toad\types.h">
      <Filter>Header Files</Filter>
    </ClInclude>
    <ClInclude Include="src\pch.h">
      <Filter>Header Files</Filter>
    </ClInclude>
    <ClInclude Include="src\Toad\Modules\chest_stealer.h">
      <Filter>Header Files</Filter>
    </ClInclude>
  </ItemGroup>
  <ItemGroup>
    <ClCompile Include="src\Toad\Hooks\wglswapbuffers.cpp">
      <Filter>Source Files</Filter>
    </ClCompile>
    <ClCompile Include="src\Toad\Hooks\ws2_32.cpp">
      <Filter>Source Files</Filter>
    </ClCompile>
    <ClCompile Include="src\Toad\Logger\logger.cpp">
      <Filter>Source Files</Filter>
    </ClCompile>
    <ClCompile Include="src\Toad\MC\active_render_info.cpp">
      <Filter>Source Files</Filter>
    </ClCompile>
    <ClCompile Include="src\Toad\MC\entity.cpp">
      <Filter>Source Files</Filter>
    </ClCompile>
    <ClCompile Include="src\Toad\MC\mcutils.cpp">
      <Filter>Source Files</Filter>
    </ClCompile>
    <ClCompile Include="src\Toad\MC\mappings.cpp">
      <Filter>Source Files</Filter>
    </ClCompile>
    <ClCompile Include="src\Toad\MC\minecraft.cpp">
      <Filter>Source Files</Filter>
    </ClCompile>
    <ClCompile Include="src\Toad\Modules\clicker\clicker_base.cpp">
      <Filter>Source Files</Filter>
    </ClCompile>
    <ClCompile Include="src\Toad\Modules\clicker\left_autoclicker.cpp">
      <Filter>Source Files</Filter>
    </ClCompile>
    <ClCompile Include="src\Toad\Modules\clicker\right_autoclicker.cpp">
      <Filter>Source Files</Filter>
    </ClCompile>
    <ClCompile Include="src\Toad\Modules\visuals\block_esp.cpp">
      <Filter>Source Files</Filter>
    </ClCompile>
    <ClCompile Include="src\Toad\Modules\visuals\draw_helpers.cpp">
      <Filter>Source Files</Filter>
    </ClCompile>
    <ClCompile Include="src\Toad\Modules\visuals\esp.cpp">
      <Filter>Source Files</Filter>
    </ClCompile>
    <ClCompile Include="src\Toad\Modules\visuals\of_screen_arrows.cpp">
      <Filter>Source Files</Filter>
    </ClCompile>
    <ClCompile Include="src\Toad\Modules\aimassist.cpp">
      <Filter>Source Files</Filter>
    </ClCompile>
    <ClCompile Include="src\Toad\Modules\autopot.cpp">
      <Filter>Source Files</Filter>
    </ClCompile>
    <ClCompile Include="src\Toad\Modules\blink.cpp">
      <Filter>Source Files</Filter>
    </ClCompile>
    <ClCompile Include="src\Toad\Modules\bridge_assist.cpp">
      <Filter>Source Files</Filter>
    </ClCompile>
    <ClCompile Include="src\Toad\Modules\internal_ui.cpp">
      <Filter>Source Files</Filter>
    </ClCompile>
    <ClCompile Include="src\Toad\Modules\no_click_delay.cpp">
      <Filter>Source Files</Filter>
    </ClCompile>
    <ClCompile Include="src\Toad\Modules\reach.cpp">
      <Filter>Source Files</Filter>
    </ClCompile>
    <ClCompile Include="src\Toad\Modules\vars_updater.cpp">
      <Filter>Source Files</Filter>
    </ClCompile>
    <ClCompile Include="src\Toad\Modules\velocity.cpp">
      <Filter>Source Files</Filter>
    </ClCompile>
    <ClCompile Include="src\Toad\math.cpp">
      <Filter>Source Files</Filter>
    </ClCompile>
    <ClCompile Include="src\Toad\module.cpp">
      <Filter>Source Files</Filter>
    </ClCompile>
    <ClCompile Include="src\Toad\Toad.cpp">
      <Filter>Source Files</Filter>
    </ClCompile>
    <ClCompile Include="src\dllmain.cpp">
      <Filter>Source Files</Filter>
    </ClCompile>
    <ClCompile Include="src\pch.cpp">
      <Filter>Source Files</Filter>
    </ClCompile>
    <ClCompile Include="..\vendor\imgui\imgui.cpp">
      <Filter>Source Files</Filter>
    </ClCompile>
    <ClCompile Include="..\vendor\imgui\imgui_draw.cpp">
      <Filter>Source Files</Filter>
    </ClCompile>
    <ClCompile Include="..\vendor\imgui\imgui_impl_opengl2.cpp">
      <Filter>Source Files</Filter>
    </ClCompile>
    <ClCompile Include="..\vendor\imgui\imgui_impl_win32.cpp">
      <Filter>Source Files</Filter>
    </ClCompile>
    <ClCompile Include="..\vendor\imgui\imgui_tables.cpp">
      <Filter>Source Files</Filter>
    </ClCompile>
    <ClCompile Include="..\vendor\imgui\imgui_widgets.cpp">
      <Filter>Source Files</Filter>
    </ClCompile>
    <ClCompile Include="src\Toad\Modules\chest_stealer.cpp">
      <Filter>Source Files</Filter>
    </ClCompile>
  </ItemGroup>
</Project>